
Microsoft Visual Studio Solution File, Format Version 12.00
# Visual Studio Version 16
VisualStudioVersion = 16.0.31229.75
MinimumVisualStudioVersion = 10.0.40219.1
Project("{FAE04EC0-301F-11D3-BF4B-00C04F79EFBC}") = "HousePricePredictor", "HousePricePredictor\HousePricePredictor.csproj", "{DE1E4322-F084-4EA6-BCD4-38E8F1462BD1}"
EndProject
Global
	GlobalSection(SolutionConfigurationPlatforms) = preSolution
		Debug|Any CPU = Debug|Any CPU
		Release|Any CPU = Release|Any CPU
	EndGlobalSection
	GlobalSection(ProjectConfigurationPlatforms) = postSolution
		{DE1E4322-F084-4EA6-BCD4-38E8F1462BD1}.Debug|Any CPU.ActiveCfg = Debug|Any CPU
		{DE1E4322-F084-4EA6-BCD4-38E8F1462BD1}.Debug|Any CPU.Build.0 = Debug|Any CPU
		{DE1E4322-F084-4EA6-BCD4-38E8F1462BD1}.Release|Any CPU.ActiveCfg = Release|Any CPU
		{DE1E4322-F084-4EA6-BCD4-38E8F1462BD1}.Release|Any CPU.Build.0 = Release|Any CPU
	EndGlobalSection
	GlobalSection(SolutionProperties) = preSolution
		HideSolutionNode = FALSE
	EndGlobalSection
	GlobalSection(ExtensibilityGlobals) = postSolution
		SolutionGuid = {D7630C9A-BDC5-4BB7-B09A-A2958F98BE1C}
	EndGlobalSection
EndGlobal
